
Microsoft Visual Studio Solution File, Format Version 12.00
# Visual Studio 15
Project("{FAE04EC0-301F-11D3-BF4B-00C04F79EFBC}") = "7-jogoAsteroideFinal", "7-jogoAsteroideFinal\7-jogoAsteroideFinal.csproj", "{FBF6C0BF-E34E-4EC8-8EFC-E3C91DBABEAA}"
EndProject
Global
	GlobalSection(SolutionConfigurationPlatforms) = preSolution
		Debug|Any CPU = Debug|Any CPU
		Release|Any CPU = Release|Any CPU
	EndGlobalSection
	GlobalSection(ProjectConfigurationPlatforms) = postSolution
		{FBF6C0BF-E34E-4EC8-8EFC-E3C91DBABEAA}.Debug|Any CPU.ActiveCfg = Debug|Any CPU
		{FBF6C0BF-E34E-4EC8-8EFC-E3C91DBABEAA}.Debug|Any CPU.Build.0 = Debug|Any CPU
		{FBF6C0BF-E34E-4EC8-8EFC-E3C91DBABEAA}.Release|Any CPU.ActiveCfg = Release|Any CPU
		{FBF6C0BF-E34E-4EC8-8EFC-E3C91DBABEAA}.Release|Any CPU.Build.0 = Release|Any CPU
	EndGlobalSection
EndGlobal
