
Microsoft Visual Studio Solution File, Format Version 12.00
# Visual Studio Version 16
VisualStudioVersion = 16.0.31605.320
MinimumVisualStudioVersion = 10.0.40219.1
Project("{FAE04EC0-301F-11D3-BF4B-00C04F79EFBC}") = "JogoPerguntasRespostas", "JogoPerguntasRespostas.csproj", "{1F01A616-FD46-4C15-B26C-349FAC61C665}"
EndProject
Global
	GlobalSection(SolutionConfigurationPlatforms) = preSolution
		Debug|Any CPU = Debug|Any CPU
		Release|Any CPU = Release|Any CPU
	EndGlobalSection
	GlobalSection(ProjectConfigurationPlatforms) = postSolution
		{1F01A616-FD46-4C15-B26C-349FAC61C665}.Debug|Any CPU.ActiveCfg = Debug|Any CPU
		{1F01A616-FD46-4C15-B26C-349FAC61C665}.Debug|Any CPU.Build.0 = Debug|Any CPU
		{1F01A616-FD46-4C15-B26C-349FAC61C665}.Release|Any CPU.ActiveCfg = Release|Any CPU
		{1F01A616-FD46-4C15-B26C-349FAC61C665}.Release|Any CPU.Build.0 = Release|Any CPU
	EndGlobalSection
	GlobalSection(SolutionProperties) = preSolution
		HideSolutionNode = FALSE
	EndGlobalSection
	GlobalSection(ExtensibilityGlobals) = postSolution
		SolutionGuid = {FA2C3D07-9F38-428C-A998-CAFFEEC7418F}
	EndGlobalSection
EndGlobal
