
Microsoft Visual Studio Solution File, Format Version 12.00
# Visual Studio Version 16
VisualStudioVersion = 16.0.31605.320
MinimumVisualStudioVersion = 10.0.40219.1
Project("{FAE04EC0-301F-11D3-BF4B-00C04F79EFBC}") = "JogoFrutinha", "JogoFrutinha.csproj", "{948620CA-7E8C-408E-BDEC-F3BBE78A3C19}"
EndProject
Global
	GlobalSection(SolutionConfigurationPlatforms) = preSolution
		Debug|Any CPU = Debug|Any CPU
		Release|Any CPU = Release|Any CPU
	EndGlobalSection
	GlobalSection(ProjectConfigurationPlatforms) = postSolution
		{948620CA-7E8C-408E-BDEC-F3BBE78A3C19}.Debug|Any CPU.ActiveCfg = Debug|Any CPU
		{948620CA-7E8C-408E-BDEC-F3BBE78A3C19}.Debug|Any CPU.Build.0 = Debug|Any CPU
		{948620CA-7E8C-408E-BDEC-F3BBE78A3C19}.Release|Any CPU.ActiveCfg = Release|Any CPU
		{948620CA-7E8C-408E-BDEC-F3BBE78A3C19}.Release|Any CPU.Build.0 = Release|Any CPU
	EndGlobalSection
	GlobalSection(SolutionProperties) = preSolution
		HideSolutionNode = FALSE
	EndGlobalSection
	GlobalSection(ExtensibilityGlobals) = postSolution
		SolutionGuid = {000912AE-01A1-4A95-B752-CD4D7B617150}
	EndGlobalSection
EndGlobal
